<Solution>
  <Folder Name="/src/">
    <Project Path="src/MMW.Core/MMW.Core.csproj" />
    <Project Path="src/MMW.Formats.Mp4/MMW.Formats.Mp4.csproj" />
    <Project Path="src/MMW.Formats.Matroska/MMW.Formats.Matroska.csproj" />
    <Project Path="src/MMW.Formats.Elementary/MMW.Formats.Elementary.csproj" />
    <Project Path="src/MMW.Media.Remux/MMW.Media.Remux.csproj" />
    <Project Path="src/MMW.Media.Conversion/MMW.Media.Conversion.csproj" />
    <Project Path="src/MMW.Ocr/MMW.Ocr.csproj" />
    <Project Path="src/MMW.Queue/MMW.Queue.csproj" />
    <Project Path="src/MMW.App/MMW.App.csproj" />
    <Project Path="src/MMW.Cli/MMW.Cli.csproj" />
    <Project Path="src/MMW.Metadata/MMW.Metadata.csproj" />
  </Folder>
  <Folder Name="/tests/">
    <Project Path="tests/MMW.Core.Tests/MMW.Core.Tests.csproj" />
    <Project Path="tests/MMW.TestSupport/MMW.TestSupport.csproj" />
    <Project Path="tests/MMW.Formats.Mp4.Tests/MMW.Formats.Mp4.Tests.csproj" />
    <Project Path="tests/MMW.Formats.Matroska.Tests/MMW.Formats.Matroska.Tests.csproj" />
    <Project Path="tests/MMW.Formats.Elementary.Tests/MMW.Formats.Elementary.Tests.csproj" />
    <Project Path="tests/MMW.Media.Remux.Tests/MMW.Media.Remux.Tests.csproj" />
    <Project Path="tests/MMW.Media.Conversion.Tests/MMW.Media.Conversion.Tests.csproj" />
    <Project Path="tests/MMW.Ocr.Tests/MMW.Ocr.Tests.csproj" />
    <Project Path="tests/MMW.Queue.Tests/MMW.Queue.Tests.csproj" />
    <Project Path="tests/MMW.App.Tests/MMW.App.Tests.csproj" />
    <Project Path="tests/MMW.Cli.Tests/MMW.Cli.Tests.csproj" />
    <Project Path="tests/MMW.Metadata.Tests/MMW.Metadata.Tests.csproj" />
  </Folder>
  <Folder Name="/Solution Items/">
    <File Path="Directory.Build.props" />
    <File Path="Directory.Packages.props" />
    <File Path="global.json" />
    <File Path=".editorconfig" />
  </Folder>
</Solution>
